// !$*UTF8*$!
{
	archiveVersion = 1;
	classes = {
	};
	objectVersion = 56;
	objects = {

/* Begin PBXBuildFile section */
		1DABEBB92A15528A007D8F18 /* AppDelegate.swift in Sources */ = {isa = PBXBuildFile; fileRef = 1DABEBB82A15528A007D8F18 /* AppDelegate.swift */; };
		1DABEBBD2A15528A007D8F18 /* ViewController.swift in Sources */ = {isa = PBXBuildFile; fileRef = 1DABEBBC2A15528A007D8F18 /* ViewController.swift */; };
		1DABEBC02A15528A007D8F18 /* Main.storyboard in Resources */ = {isa = PBXBuildFile; fileRef = 1DABEBBE2A15528A007D8F18 /* Main.storyboard */; };
		1DABEBC22A15528C007D8F18 /* Assets.xcassets in Resources */ = {isa = PBXBuildFile; fileRef = 1DABEBC12A15528C007D8F18 /* Assets.xcassets */; };
		1DABEBC52A15528C007D8F18 /* LaunchScreen.storyboard in Resources */ = {isa = PBXBuildFile; fileRef = 1DABEBC32A15528C007D8F18 /* LaunchScreen.storyboard */; };
		1DABEBCF2A157A19007D8F18 /* CoreDataStack.swift in Sources */ = {isa = PBXBuildFile; fileRef = 1DABEBCE2A157A19007D8F18 /* CoreDataStack.swift */; };
		1DABEBD22A157D31007D8F18 /* Caminatas.xcdatamodeld in Sources */ = {isa = PBXBuildFile; fileRef = 1DABEBD02A157D31007D8F18 /* Caminatas.xcdatamodeld */; };
		1DABEBD72A16B0BF007D8F18 /* Caminata+CoreDataClass.swift in Sources */ = {isa = PBXBuildFile; fileRef = 1DABEBD32A16B0BF007D8F18 /* Caminata+CoreDataClass.swift */; };
		1DABEBD82A16B0BF007D8F18 /* Caminata+CoreDataProperties.swift in Sources */ = {isa = PBXBuildFile; fileRef = 1DABEBD42A16B0BF007D8F18 /* Caminata+CoreDataProperties.swift */; };
		1DABEBD92A16B0BF007D8F18 /* Person+CoreDataClass.swift in Sources */ = {isa = PBXBuildFile; fileRef = 1DABEBD52A16B0BF007D8F18 /* Person+CoreDataClass.swift */; };
		1DABEBDA2A16B0BF007D8F18 /* Person+CoreDataProperties.swift in Sources */ = {isa = PBXBuildFile; fileRef = 1DABEBD62A16B0BF007D8F18 /* Person+CoreDataProperties.swift */; };
/* End PBXBuildFile section */

/* Begin PBXFileReference section */
		1DABEBB52A15528A007D8F18 /* Caminatas.app */ = {isa = PBXFileReference; explicitFileType = wrapper.application; includeInIndex = 0; path = Caminatas.app; sourceTree = BUILT_PRODUCTS_DIR; };
		1DABEBB82A15528A007D8F18 /* AppDelegate.swift */ = {isa = PBXFileReference; lastKnownFileType = sourcecode.swift; path = AppDelegate.swift; sourceTree = "<group>"; };
		1DABEBBC2A15528A007D8F18 /* ViewController.swift */ = {isa = PBXFileReference; lastKnownFileType = sourcecode.swift; path = ViewController.swift; sourceTree = "<group>"; };
		1DABEBBF2A15528A007D8F18 /* Base */ = {isa = PBXFileReference; lastKnownFileType = file.storyboard; name = Base; path = Base.lproj/Main.storyboard; sourceTree = "<group>"; };
		1DABEBC12A15528C007D8F18 /* Assets.xcassets */ = {isa = PBXFileReference; lastKnownFileType = folder.assetcatalog; path = Assets.xcassets; sourceTree = "<group>"; };
		1DABEBC42A15528C007D8F18 /* Base */ = {isa = PBXFileReference; lastKnownFileType = file.storyboard; name = Base; path = Base.lproj/LaunchScreen.storyboard; sourceTree = "<group>"; };
		1DABEBC62A15528C007D8F18 /* Info.plist */ = {isa = PBXFileReference; lastKnownFileType = text.plist.xml; path = Info.plist; sourceTree = "<group>"; };
		1DABEBCE2A157A19007D8F18 /* CoreDataStack.swift */ = {isa = PBXFileReference; lastKnownFileType = sourcecode.swift; path = CoreDataStack.swift; sourceTree = "<group>"; };
		1DABEBD12A157D31007D8F18 /* Caminatas.xcdatamodel */ = {isa = PBXFileReference; lastKnownFileType = wrapper.xcdatamodel; path = Caminatas.xcdatamodel; sourceTree = "<group>"; };
		1DABEBD32A16B0BF007D8F18 /* Caminata+CoreDataClass.swift */ = {isa = PBXFileReference; lastKnownFileType = sourcecode.swift; path = "Caminata+CoreDataClass.swift"; sourceTree = "<group>"; };
		1DABEBD42A16B0BF007D8F18 /* Caminata+CoreDataProperties.swift */ = {isa = PBXFileReference; lastKnownFileType = sourcecode.swift; path = "Caminata+CoreDataProperties.swift"; sourceTree = "<group>"; };
		1DABEBD52A16B0BF007D8F18 /* Person+CoreDataClass.swift */ = {isa = PBXFileReference; lastKnownFileType = sourcecode.swift; path = "Person+CoreDataClass.swift"; sourceTree = "<group>"; };
		1DABEBD62A16B0BF007D8F18 /* Person+CoreDataProperties.swift */ = {isa = PBXFileReference; lastKnownFileType = sourcecode.swift; path = "Person+CoreDataProperties.swift"; sourceTree = "<group>"; };
/* End PBXFileReference section */

/* Begin PBXFrameworksBuildPhase section */
		1DABEBB22A15528A007D8F18 /* Frameworks */ = {
			isa = PBXFrameworksBuildPhase;
			buildActionMask = 2147483647;
			files = (
			);
			runOnlyForDeploymentPostprocessing = 0;
		};
/* End PBXFrameworksBuildPhase section */

/* Begin PBXGroup section */
		1DABEBAC2A15528A007D8F18 = {
			isa = PBXGroup;
			children = (
				1DABEBD32A16B0BF007D8F18 /* Caminata+CoreDataClass.swift */,
				1DABEBD42A16B0BF007D8F18 /* Caminata+CoreDataProperties.swift */,
				1DABEBD52A16B0BF007D8F18 /* Person+CoreDataClass.swift */,
				1DABEBD62A16B0BF007D8F18 /* Person+CoreDataProperties.swift */,
				1DABEBB72A15528A007D8F18 /* Caminatas */,
				1DABEBB62A15528A007D8F18 /* Products */,
			);
			sourceTree = "<group>";
		};
		1DABEBB62A15528A007D8F18 /* Products */ = {
			isa = PBXGroup;
			children = (
				1DABEBB52A15528A007D8F18 /* Caminatas.app */,
			);
			name = Products;
			sourceTree = "<group>";
		};
		1DABEBB72A15528A007D8F18 /* Caminatas */ = {
			isa = PBXGroup;
			children = (
				1DABEBB82A15528A007D8F18 /* AppDelegate.swift */,
				1DABEBBC2A15528A007D8F18 /* ViewController.swift */,
				1DABEBD02A157D31007D8F18 /* Caminatas.xcdatamodeld */,
				1DABEBCE2A157A19007D8F18 /* CoreDataStack.swift */,
				1DABEBBE2A15528A007D8F18 /* Main.storyboard */,
				1DABEBC12A15528C007D8F18 /* Assets.xcassets */,
				1DABEBC32A15528C007D8F18 /* LaunchScreen.storyboard */,
				1DABEBC62A15528C007D8F18 /* Info.plist */,
			);
			path = Caminatas;
			sourceTree = "<group>";
		};
/* End PBXGroup section */

/* Begin PBXNativeTarget section */
		1DABEBB42A15528A007D8F18 /* Caminatas */ = {
			isa = PBXNativeTarget;
			buildConfigurationList = 1DABEBC92A15528C007D8F18 /* Build configuration list for PBXNativeTarget "Caminatas" */;
			buildPhases = (
				1DABEBB12A15528A007D8F18 /* Sources */,
				1DABEBB22A15528A007D8F18 /* Frameworks */,
				1DABEBB32A15528A007D8F18 /* Resources */,
			);
			buildRules = (
			);
			dependencies = (
			);
			name = Caminatas;
			productName = Caminatas;
			productReference = 1DABEBB52A15528A007D8F18 /* Caminatas.app */;
			productType = "com.apple.product-type.application";
		};
/* End PBXNativeTarget section */

/* Begin PBXProject section */
		1DABEBAD2A15528A007D8F18 /* Project object */ = {
			isa = PBXProject;
			attributes = {
				BuildIndependentTargetsInParallel = 1;
				LastSwiftUpdateCheck = 1430;
				LastUpgradeCheck = 1430;
				TargetAttributes = {
					1DABEBB42A15528A007D8F18 = {
						CreatedOnToolsVersion = 14.3;
					};
				};
			};
			buildConfigurationList = 1DABEBB02A15528A007D8F18 /* Build configuration list for PBXProject "Caminatas" */;
			compatibilityVersion = "Xcode 14.0";
			developmentRegion = en;
			hasScannedForEncodings = 0;
			knownRegions = (
				en,
				Base,
			);
			mainGroup = 1DABEBAC2A15528A007D8F18;
			productRefGroup = 1DABEBB62A15528A007D8F18 /* Products */;
			projectDirPath = "";
			projectRoot = "";
			targets = (
				1DABEBB42A15528A007D8F18 /* Caminatas */,
			);
		};
/* End PBXProject section */

/* Begin PBXResourcesBuildPhase section */
		1DABEBB32A15528A007D8F18 /* Resources */ = {
			isa = PBXResourcesBuildPhase;
			buildActionMask = 2147483647;
			files = (
				1DABEBC52A15528C007D8F18 /* LaunchScreen.storyboard in Resources */,
				1DABEBC22A15528C007D8F18 /* Assets.xcassets in Resources */,
				1DABEBC02A15528A007D8F18 /* Main.storyboard in Resources */,
			);
			runOnlyForDeploymentPostprocessing = 0;
		};
/* End PBXResourcesBuildPhase section */

/* Begin PBXSourcesBuildPhase section */
		1DABEBB12A15528A007D8F18 /* Sources */ = {
			isa = PBXSourcesBuildPhase;
			buildActionMask = 2147483647;
			files = (
				1DABEBD72A16B0BF007D8F18 /* Caminata+CoreDataClass.swift in Sources */,
				1DABEBD92A16B0BF007D8F18 /* Person+CoreDataClass.swift in Sources */,
				1DABEBBD2A15528A007D8F18 /* ViewController.swift in Sources */,
				1DABEBB92A15528A007D8F18 /* AppDelegate.swift in Sources */,
				1DABEBDA2A16B0BF007D8F18 /* Person+CoreDataProperties.swift in Sources */,
				1DABEBD82A16B0BF007D8F18 /* Caminata+CoreDataProperties.swift in Sources */,
				1DABEBCF2A157A19007D8F18 /* CoreDataStack.swift in Sources */,
				1DABEBD22A157D31007D8F18 /* Caminatas.xcdatamodeld in Sources */,
			);
			runOnlyForDeploymentPostprocessing = 0;
		};
/* End PBXSourcesBuildPhase section */

/* Begin PBXVariantGroup section */
		1DABEBBE2A15528A007D8F18 /* Main.storyboard */ = {
			isa = PBXVariantGroup;
			children = (
				1DABEBBF2A15528A007D8F18 /* Base */,
			);
			name = Main.storyboard;
			sourceTree = "<group>";
		};
		1DABEBC32A15528C007D8F18 /* LaunchScreen.storyboard */ = {
			isa = PBXVariantGroup;
			children = (
				1DABEBC42A15528C007D8F18 /* Base */,
			);
			name = LaunchScreen.storyboard;
			sourceTree = "<group>";
		};
/* End PBXVariantGroup section */

/* Begin XCBuildConfiguration section */
		1DABEBC72A15528C007D8F18 /* Debug */ = {
			isa = XCBuildConfiguration;
			buildSettings = {
				ALWAYS_SEARCH_USER_PATHS = NO;
				CLANG_ANALYZER_NONNULL = YES;
				CLANG_ANALYZER_NUMBER_OBJECT_CONVERSION = YES_AGGRESSIVE;
				CLANG_CXX_LANGUAGE_STANDARD = "gnu++20";
				CLANG_ENABLE_MODULES = YES;
				CLANG_ENABLE_OBJC_ARC = YES;
				CLANG_ENABLE_OBJC_WEAK = YES;
				CLANG_WARN_BLOCK_CAPTURE_AUTORELEASING = YES;
				CLANG_WARN_BOOL_CONVERSION = YES;
				CLANG_WARN_COMMA = YES;
				CLANG_WARN_CONSTANT_CONVERSION = YES;
				CLANG_WARN_DEPRECATED_OBJC_IMPLEMENTATIONS = YES;
				CLANG_WARN_DIRECT_OBJC_ISA_USAGE = YES_ERROR;
				CLANG_WARN_DOCUMENTATION_COMMENTS = YES;
				CLANG_WARN_EMPTY_BODY = YES;
				CLANG_WARN_ENUM_CONVERSION = YES;
				CLANG_WARN_INFINITE_RECURSION = YES;
				CLANG_WARN_INT_CONVERSION = YES;
				CLANG_WARN_NON_LITERAL_NULL_CONVERSION = YES;
				CLANG_WARN_OBJC_IMPLICIT_RETAIN_SELF = YES;
				CLANG_WARN_OBJC_LITERAL_CONVERSION = YES;
				CLANG_WARN_OBJC_ROOT_CLASS = YES_ERROR;
				CLANG_WARN_QUOTED_INCLUDE_IN_FRAMEWORK_HEADER = YES;
				CLANG_WARN_RANGE_LOOP_ANALYSIS = YES;
				CLANG_WARN_STRICT_PROTOTYPES = YES;
				CLANG_WARN_SUSPICIOUS_MOVE = YES;
				CLANG_WARN_UNGUARDED_AVAILABILITY = YES_AGGRESSIVE;
				CLANG_WARN_UNREACHABLE_CODE = YES;
				CLANG_WARN__DUPLICATE_METHOD_MATCH = YES;
				COPY_PHASE_STRIP = NO;
				DEBUG_INFORMATION_FORMAT = dwarf;
				ENABLE_STRICT_OBJC_MSGSEND = YES;
				ENABLE_TESTABILITY = YES;
				GCC_C_LANGUAGE_STANDARD = gnu11;
				GCC_DYNAMIC_NO_PIC = NO;
				GCC_NO_COMMON_BLOCKS = YES;
				GCC_OPTIMIZATION_LEVEL = 0;
				GCC_PREPROCESSOR_DEFINITIONS = (
					"DEBUG=1",
					"$(inherited)",
				);
				GCC_WARN_64_TO_32_BIT_CONVERSION = YES;
				GCC_WARN_ABOUT_RETURN_TYPE = YES_ERROR;
				GCC_WARN_UNDECLARED_SELECTOR = YES;
				GCC_WARN_UNINITIALIZED_AUTOS = YES_AGGRESSIVE;
				GCC_WARN_UNUSED_FUNCTION = YES;
				GCC_WARN_UNUSED_VARIABLE = YES;
				IPHONEOS_DEPLOYMENT_TARGET = 14.0;
				MTL_ENABLE_DEBUG_INFO = INCLUDE_SOURCE;
				MTL_FAST_MATH = YES;
				ONLY_ACTIVE_ARCH = YES;
				SDKROOT = iphoneos;
				SWIFT_ACTIVE_COMPILATION_CONDITIONS = DEBUG;
				SWIFT_OPTIMIZATION_LEVEL = "-Onone";
			};
			name = Debug;
		};
		1DABEBC82A15528C007D8F18 /* Release */ = {
			isa = XCBuildConfiguration;
			buildSettings = {
				ALWAYS_SEARCH_USER_PATHS = NO;
				CLANG_ANALYZER_NONNULL = YES;
				CLANG_ANALYZER_NUMBER_OBJECT_CONVERSION = YES_AGGRESSIVE;
				CLANG_CXX_LANGUAGE_STANDARD = "gnu++20";
				CLANG_ENABLE_MODULES = YES;
				CLANG_ENABLE_OBJC_ARC = YES;
				CLANG_ENABLE_OBJC_WEAK = YES;
				CLANG_WARN_BLOCK_CAPTURE_AUTORELEASING = YES;
				CLANG_WARN_BOOL_CONVERSION = YES;
				CLANG_WARN_COMMA = YES;
				CLANG_WARN_CONSTANT_CONVERSION = YES;
				CLANG_WARN_DEPRECATED_OBJC_IMPLEMENTATIONS = YES;
				CLANG_WARN_DIRECT_OBJC_ISA_USAGE = YES_ERROR;
				CLANG_WARN_DOCUMENTATION_COMMENTS = YES;
				CLANG_WARN_EMPTY_BODY = YES;
				CLANG_WARN_ENUM_CONVERSION = YES;
				CLANG_WARN_INFINITE_RECURSION = YES;
				CLANG_WARN_INT_CONVERSION = YES;
				CLANG_WARN_NON_LITERAL_NULL_CONVERSION = YES;
				CLANG_WARN_OBJC_IMPLICIT_RETAIN_SELF = YES;
				CLANG_WARN_OBJC_LITERAL_CONVERSION = YES;
				CLANG_WARN_OBJC_ROOT_CLASS = YES_ERROR;
				CLANG_WARN_QUOTED_INCLUDE_IN_FRAMEWORK_HEADER = YES;
				CLANG_WARN_RANGE_LOOP_ANALYSIS = YES;
				CLANG_WARN_STRICT_PROTOTYPES = YES;
				CLANG_WARN_SUSPICIOUS_MOVE = YES;
				CLANG_WARN_UNGUARDED_AVAILABILITY = YES_AGGRESSIVE;
				CLANG_WARN_UNREACHABLE_CODE = YES;
				CLANG_WARN__DUPLICATE_METHOD_MATCH = YES;
				COPY_PHASE_STRIP = NO;
				DEBUG_INFORMATION_FORMAT = "dwarf-with-dsym";
				ENABLE_NS_ASSERTIONS = NO;
				ENABLE_STRICT_OBJC_MSGSEND = YES;
				GCC_C_LANGUAGE_STANDARD = gnu11;
				GCC_NO_COMMON_BLOCKS = YES;
				GCC_WARN_64_TO_32_BIT_CONVERSION = YES;
				GCC_WARN_ABOUT_RETURN_TYPE = YES_ERROR;
				GCC_WARN_UNDECLARED_SELECTOR = YES;
				GCC_WARN_UNINITIALIZED_AUTOS = YES_AGGRESSIVE;
				GCC_WARN_UNUSED_FUNCTION = YES;
				GCC_WARN_UNUSED_VARIABLE = YES;
				IPHONEOS_DEPLOYMENT_TARGET = 14.0;
				MTL_ENABLE_DEBUG_INFO = NO;
				MTL_FAST_MATH = YES;
				SDKROOT = iphoneos;
				SWIFT_COMPILATION_MODE = wholemodule;
				SWIFT_OPTIMIZATION_LEVEL = "-O";
				VALIDATE_PRODUCT = YES;
			};
			name = Release;
		};
		1DABEBCA2A15528C007D8F18 /* Debug */ = {
			isa = XCBuildConfiguration;
			buildSettings = {
				ASSETCATALOG_COMPILER_APPICON_NAME = AppIcon;
				ASSETCATALOG_COMPILER_GLOBAL_ACCENT_COLOR_NAME = AccentColor;
				CODE_SIGN_STYLE = Automatic;
				CURRENT_PROJECT_VERSION = 1;
				DEVELOPMENT_TEAM = R86YR98C9Q;
				GENERATE_INFOPLIST_FILE = YES;
				INFOPLIST_FILE = Caminatas/Info.plist;
				INFOPLIST_KEY_CFBundleDisplayName = Caminatas;
				INFOPLIST_KEY_UIApplicationSupportsIndirectInputEvents = YES;
				INFOPLIST_KEY_UILaunchStoryboardName = LaunchScreen;
				INFOPLIST_KEY_UIMainStoryboardFile = Main;
				INFOPLIST_KEY_UISupportedInterfaceOrientations = "UIInterfaceOrientationLandscapeLeft UIInterfaceOrientationPortrait";
				INFOPLIST_KEY_UISupportedInterfaceOrientations_iPad = "UIInterfaceOrientationLandscapeLeft UIInterfaceOrientationLandscapeRight UIInterfaceOrientationPortrait UIInterfaceOrientationPortraitUpsideDown";
				IPHONEOS_DEPLOYMENT_TARGET = 14.0;
				LD_RUNPATH_SEARCH_PATHS = (
					"$(inherited)",
					"@executable_path/Frameworks",
				);
				MARKETING_VERSION = 1.0;
				PRODUCT_BUNDLE_IDENTIFIER = com.ricardogranja.Caminatas;
				PRODUCT_NAME = "$(TARGET_NAME)";
				SWIFT_EMIT_LOC_STRINGS = YES;
				SWIFT_VERSION = 5.0;
				TARGETED_DEVICE_FAMILY = "1,2";
			};
			name = Debug;
		};
		1DABEBCB2A15528C007D8F18 /* Release */ = {
			isa = XCBuildConfiguration;
			buildSettings = {
				ASSETCATALOG_COMPILER_APPICON_NAME = AppIcon;
				ASSETCATALOG_COMPILER_GLOBAL_ACCENT_COLOR_NAME = AccentColor;
				CODE_SIGN_STYLE = Automatic;
				CURRENT_PROJECT_VERSION = 1;
				DEVELOPMENT_TEAM = R86YR98C9Q;
				GENERATE_INFOPLIST_FILE = YES;
				INFOPLIST_FILE = Caminatas/Info.plist;
				INFOPLIST_KEY_CFBundleDisplayName = Caminatas;
				INFOPLIST_KEY_UIApplicationSupportsIndirectInputEvents = YES;
				INFOPLIST_KEY_UILaunchStoryboardName = LaunchScreen;
				INFOPLIST_KEY_UIMainStoryboardFile = Main;
				INFOPLIST_KEY_UISupportedInterfaceOrientations = "UIInterfaceOrientationLandscapeLeft UIInterfaceOrientationPortrait";
				INFOPLIST_KEY_UISupportedInterfaceOrientations_iPad = "UIInterfaceOrientationLandscapeLeft UIInterfaceOrientationLandscapeRight UIInterfaceOrientationPortrait UIInterfaceOrientationPortraitUpsideDown";
				IPHONEOS_DEPLOYMENT_TARGET = 14.0;
				LD_RUNPATH_SEARCH_PATHS = (
					"$(inherited)",
					"@executable_path/Frameworks",
				);
				MARKETING_VERSION = 1.0;
				PRODUCT_BUNDLE_IDENTIFIER = com.ricardogranja.Caminatas;
				PRODUCT_NAME = "$(TARGET_NAME)";
				SWIFT_EMIT_LOC_STRINGS = YES;
				SWIFT_VERSION = 5.0;
				TARGETED_DEVICE_FAMILY = "1,2";
			};
			name = Release;
		};
/* End XCBuildConfiguration section */

/* Begin XCConfigurationList section */
		1DABEBB02A15528A007D8F18 /* Build configuration list for PBXProject "Caminatas" */ = {
			isa = XCConfigurationList;
			buildConfigurations = (
				1DABEBC72A15528C007D8F18 /* Debug */,
				1DABEBC82A15528C007D8F18 /* Release */,
			);
			defaultConfigurationIsVisible = 0;
			defaultConfigurationName = Release;
		};
		1DABEBC92A15528C007D8F18 /* Build configuration list for PBXNativeTarget "Caminatas" */ = {
			isa = XCConfigurationList;
			buildConfigurations = (
				1DABEBCA2A15528C007D8F18 /* Debug */,
				1DABEBCB2A15528C007D8F18 /* Release */,
			);
			defaultConfigurationIsVisible = 0;
			defaultConfigurationName = Release;
		};
/* End XCConfigurationList section */

/* Begin XCVersionGroup section */
		1DABEBD02A157D31007D8F18 /* Caminatas.xcdatamodeld */ = {
			isa = XCVersionGroup;
			children = (
				1DABEBD12A157D31007D8F18 /* Caminatas.xcdatamodel */,
			);
			currentVersion = 1DABEBD12A157D31007D8F18 /* Caminatas.xcdatamodel */;
			path = Caminatas.xcdatamodeld;
			sourceTree = "<group>";
			versionGroupType = wrapper.xcdatamodel;
		};
/* End XCVersionGroup section */
	};
	rootObject = 1DABEBAD2A15528A007D8F18 /* Project object */;
}
